// !$*UTF8*$!
{
	archiveVersion = 1;
	classes = {
	};
	objectVersion = 56;
	objects = {

/* Begin PBXBuildFile section */
		63E1D739292CF4E60009807F /* AppDelegate.swift in Sources */ = {isa = PBXBuildFile; fileRef = 63E1D738292CF4E60009807F /* AppDelegate.swift */; };
		63E1D73B292CF4E60009807F /* SceneDelegate.swift in Sources */ = {isa = PBXBuildFile; fileRef = 63E1D73A292CF4E60009807F /* SceneDelegate.swift */; };
		63E1D73D292CF4E60009807F /* ViewController.swift in Sources */ = {isa = PBXBuildFile; fileRef = 63E1D73C292CF4E60009807F /* ViewController.swift */; };
		63E1D740292CF4E60009807F /* Main.storyboard in Resources */ = {isa = PBXBuildFile; fileRef = 63E1D73E292CF4E60009807F /* Main.storyboard */; };
		63E1D742292CF4E70009807F /* Assets.xcassets in Resources */ = {isa = PBXBuildFile; fileRef = 63E1D741292CF4E70009807F /* Assets.xcassets */; };
		63E1D745292CF4E70009807F /* LaunchScreen.storyboard in Resources */ = {isa = PBXBuildFile; fileRef = 63E1D743292CF4E70009807F /* LaunchScreen.storyboard */; };
		63E1D750292CF4E70009807F /* ClockAppTests.swift in Sources */ = {isa = PBXBuildFile; fileRef = 63E1D74F292CF4E70009807F /* ClockAppTests.swift */; };
		63E1D75A292CF4E70009807F /* ClockAppUITests.swift in Sources */ = {isa = PBXBuildFile; fileRef = 63E1D759292CF4E70009807F /* ClockAppUITests.swift */; };
		63E1D75C292CF4E70009807F /* ClockAppUITestsLaunchTests.swift in Sources */ = {isa = PBXBuildFile; fileRef = 63E1D75B292CF4E70009807F /* ClockAppUITestsLaunchTests.swift */; };
/* End PBXBuildFile section */

/* Begin PBXContainerItemProxy section */
		63E1D74C292CF4E70009807F /* PBXContainerItemProxy */ = {
			isa = PBXContainerItemProxy;
			containerPortal = 63E1D72D292CF4E60009807F /* Project object */;
			proxyType = 1;
			remoteGlobalIDString = 63E1D734292CF4E60009807F;
			remoteInfo = ClockApp;
		};
		63E1D756292CF4E70009807F /* PBXContainerItemProxy */ = {
			isa = PBXContainerItemProxy;
			containerPortal = 63E1D72D292CF4E60009807F /* Project object */;
			proxyType = 1;
			remoteGlobalIDString = 63E1D734292CF4E60009807F;
			remoteInfo = ClockApp;
		};
/* End PBXContainerItemProxy section */

/* Begin PBXFileReference section */
		63E1D735292CF4E60009807F /* ClockApp.app */ = {isa = PBXFileReference; explicitFileType = wrapper.application; includeInIndex = 0; path = ClockApp.app; sourceTree = BUILT_PRODUCTS_DIR; };
		63E1D738292CF4E60009807F /* AppDelegate.swift */ = {isa = PBXFileReference; lastKnownFileType = sourcecode.swift; path = AppDelegate.swift; sourceTree = "<group>"; };
		63E1D73A292CF4E60009807F /* SceneDelegate.swift */ = {isa = PBXFileReference; lastKnownFileType = sourcecode.swift; path = SceneDelegate.swift; sourceTree = "<group>"; };
		63E1D73C292CF4E60009807F /* ViewController.swift */ = {isa = PBXFileReference; lastKnownFileType = sourcecode.swift; path = ViewController.swift; sourceTree = "<group>"; };
		63E1D73F292CF4E60009807F /* Base */ = {isa = PBXFileReference; lastKnownFileType = file.storyboard; name = Base; path = Base.lproj/Main.storyboard; sourceTree = "<group>"; };
		63E1D741292CF4E70009807F /* Assets.xcassets */ = {isa = PBXFileReference; lastKnownFileType = folder.assetcatalog; path = Assets.xcassets; sourceTree = "<group>"; };
		63E1D744292CF4E70009807F /* Base */ = {isa = PBXFileReference; lastKnownFileType = file.storyboard; name = Base; path = Base.lproj/LaunchScreen.storyboard; sourceTree = "<group>"; };
		63E1D746292CF4E70009807F /* Info.plist */ = {isa = PBXFileReference; lastKnownFileType = text.plist.xml; path = Info.plist; sourceTree = "<group>"; };
		63E1D74B292CF4E70009807F /* ClockAppTests.xctest */ = {isa = PBXFileReference; explicitFileType = wrapper.cfbundle; includeInIndex = 0; path = ClockAppTests.xctest; sourceTree = BUILT_PRODUCTS_DIR; };
		63E1D74F292CF4E70009807F /* ClockAppTests.swift */ = {isa = PBXFileReference; lastKnownFileType = sourcecode.swift; path = ClockAppTests.swift; sourceTree = "<group>"; };
		63E1D755292CF4E70009807F /* ClockAppUITests.xctest */ = {isa = PBXFileReference; explicitFileType = wrapper.cfbundle; includeInIndex = 0; path = ClockAppUITests.xctest; sourceTree = BUILT_PRODUCTS_DIR; };
		63E1D759292CF4E70009807F /* ClockAppUITests.swift */ = {isa = PBXFileReference; lastKnownFileType = sourcecode.swift; path = ClockAppUITests.swift; sourceTree = "<group>"; };
		63E1D75B292CF4E70009807F /* ClockAppUITestsLaunchTests.swift */ = {isa = PBXFileReference; lastKnownFileType = sourcecode.swift; path = ClockAppUITestsLaunchTests.swift; sourceTree = "<group>"; };
/* End PBXFileReference section */

/* Begin PBXFrameworksBuildPhase section */
		63E1D732292CF4E60009807F /* Frameworks */ = {
			isa = PBXFrameworksBuildPhase;
			buildActionMask = 2147483647;
			files = (
			);
			runOnlyForDeploymentPostprocessing = 0;
		};
		63E1D748292CF4E70009807F /* Frameworks */ = {
			isa = PBXFrameworksBuildPhase;
			buildActionMask = 2147483647;
			files = (
			);
			runOnlyForDeploymentPostprocessing = 0;
		};
		63E1D752292CF4E70009807F /* Frameworks */ = {
			isa = PBXFrameworksBuildPhase;
			buildActionMask = 2147483647;
			files = (
			);
			runOnlyForDeploymentPostprocessing = 0;
		};
/* End PBXFrameworksBuildPhase section */

/* Begin PBXGroup section */
		63E1D72C292CF4E60009807F = {
			isa = PBXGroup;
			children = (
				63E1D737292CF4E60009807F /* ClockApp */,
				63E1D74E292CF4E70009807F /* ClockAppTests */,
				63E1D758292CF4E70009807F /* ClockAppUITests */,
				63E1D736292CF4E60009807F /* Products */,
			);
			sourceTree = "<group>";
		};
		63E1D736292CF4E60009807F /* Products */ = {
			isa = PBXGroup;
			children = (
				63E1D735292CF4E60009807F /* ClockApp.app */,
				63E1D74B292CF4E70009807F /* ClockAppTests.xctest */,
				63E1D755292CF4E70009807F /* ClockAppUITests.xctest */,
			);
			name = Products;
			sourceTree = "<group>";
		};
		63E1D737292CF4E60009807F /* ClockApp */ = {
			isa = PBXGroup;
			children = (
				63E1D738292CF4E60009807F /* AppDelegate.swift */,
				63E1D73A292CF4E60009807F /* SceneDelegate.swift */,
				63E1D73C292CF4E60009807F /* ViewController.swift */,
				63E1D73E292CF4E60009807F /* Main.storyboard */,
				63E1D741292CF4E70009807F /* Assets.xcassets */,
				63E1D743292CF4E70009807F /* LaunchScreen.storyboard */,
				63E1D746292CF4E70009807F /* Info.plist */,
			);
			path = ClockApp;
			sourceTree = "<group>";
		};
		63E1D74E292CF4E70009807F /* ClockAppTests */ = {
			isa = PBXGroup;
			children = (
				63E1D74F292CF4E70009807F /* ClockAppTests.swift */,
			);
			path = ClockAppTests;
			sourceTree = "<group>";
		};
		63E1D758292CF4E70009807F /* ClockAppUITests */ = {
			isa = PBXGroup;
			children = (
				63E1D759292CF4E70009807F /* ClockAppUITests.swift */,
				63E1D75B292CF4E70009807F /* ClockAppUITestsLaunchTests.swift */,
			);
			path = ClockAppUITests;
			sourceTree = "<group>";
		};
/* End PBXGroup section */

/* Begin PBXNativeTarget section */
		63E1D734292CF4E60009807F /* ClockApp */ = {
			isa = PBXNativeTarget;
			buildConfigurationList = 63E1D75F292CF4E70009807F /* Build configuration list for PBXNativeTarget "ClockApp" */;
			buildPhases = (
				63E1D731292CF4E60009807F /* Sources */,
				63E1D732292CF4E60009807F /* Frameworks */,
				63E1D733292CF4E60009807F /* Resources */,
			);
			buildRules = (
			);
			dependencies = (
			);
			name = ClockApp;
			productName = ClockApp;
			productReference = 63E1D735292CF4E60009807F /* ClockApp.app */;
			productType = "com.apple.product-type.application";
		};
		63E1D74A292CF4E70009807F /* ClockAppTests */ = {
			isa = PBXNativeTarget;
			buildConfigurationList = 63E1D762292CF4E70009807F /* Build configuration list for PBXNativeTarget "ClockAppTests" */;
			buildPhases = (
				63E1D747292CF4E70009807F /* Sources */,
				63E1D748292CF4E70009807F /* Frameworks */,
				63E1D749292CF4E70009807F /* Resources */,
			);
			buildRules = (
			);
			dependencies = (
				63E1D74D292CF4E70009807F /* PBXTargetDependency */,
			);
			name = ClockAppTests;
			productName = ClockAppTests;
			productReference = 63E1D74B292CF4E70009807F /* ClockAppTests.xctest */;
			productType = "com.apple.product-type.bundle.unit-test";
		};
		63E1D754292CF4E70009807F /* ClockAppUITests */ = {
			isa = PBXNativeTarget;
			buildConfigurationList = 63E1D765292CF4E70009807F /* Build configuration list for PBXNativeTarget "ClockAppUITests" */;
			buildPhases = (
				63E1D751292CF4E70009807F /* Sources */,
				63E1D752292CF4E70009807F /* Frameworks */,
				63E1D753292CF4E70009807F /* Resources */,
			);
			buildRules = (
			);
			dependencies = (
				63E1D757292CF4E70009807F /* PBXTargetDependency */,
			);
			name = ClockAppUITests;
			productName = ClockAppUITests;
			productReference = 63E1D755292CF4E70009807F /* ClockAppUITests.xctest */;
			productType = "com.apple.product-type.bundle.ui-testing";
		};
/* End PBXNativeTarget section */

/* Begin PBXProject section */
		63E1D72D292CF4E60009807F /* Project object */ = {
			isa = PBXProject;
			attributes = {
				BuildIndependentTargetsInParallel = 1;
				LastSwiftUpdateCheck = 1410;
				LastUpgradeCheck = 1410;
				TargetAttributes = {
					63E1D734292CF4E60009807F = {
						CreatedOnToolsVersion = 14.1;
					};
					63E1D74A292CF4E70009807F = {
						CreatedOnToolsVersion = 14.1;
						TestTargetID = 63E1D734292CF4E60009807F;
					};
					63E1D754292CF4E70009807F = {
						CreatedOnToolsVersion = 14.1;
						TestTargetID = 63E1D734292CF4E60009807F;
					};
				};
			};
			buildConfigurationList = 63E1D730292CF4E60009807F /* Build configuration list for PBXProject "ClockApp" */;
			compatibilityVersion = "Xcode 14.0";
			developmentRegion = en;
			hasScannedForEncodings = 0;
			knownRegions = (
				en,
				Base,
			);
			mainGroup = 63E1D72C292CF4E60009807F;
			productRefGroup = 63E1D736292CF4E60009807F /* Products */;
			projectDirPath = "";
			projectRoot = "";
			targets = (
				63E1D734292CF4E60009807F /* ClockApp */,
				63E1D74A292CF4E70009807F /* ClockAppTests */,
				63E1D754292CF4E70009807F /* ClockAppUITests */,
			);
		};
/* End PBXProject section */

/* Begin PBXResourcesBuildPhase section */
		63E1D733292CF4E60009807F /* Resources */ = {
			isa = PBXResourcesBuildPhase;
			buildActionMask = 2147483647;
			files = (
				63E1D745292CF4E70009807F /* LaunchScreen.storyboard in Resources */,
				63E1D742292CF4E70009807F /* Assets.xcassets in Resources */,
				63E1D740292CF4E60009807F /* Main.storyboard in Resources */,
			);
			runOnlyForDeploymentPostprocessing = 0;
		};
		63E1D749292CF4E70009807F /* Resources */ = {
			isa = PBXResourcesBuildPhase;
			buildActionMask = 2147483647;
			files = (
			);
			runOnlyForDeploymentPostprocessing = 0;
		};
		63E1D753292CF4E70009807F /* Resources */ = {
			isa = PBXResourcesBuildPhase;
			buildActionMask = 2147483647;
			files = (
			);
			runOnlyForDeploymentPostprocessing = 0;
		};
/* End PBXResourcesBuildPhase section */

/* Begin PBXSourcesBuildPhase section */
		63E1D731292CF4E60009807F /* Sources */ = {
			isa = PBXSourcesBuildPhase;
			buildActionMask = 2147483647;
			files = (
				63E1D73D292CF4E60009807F /* ViewController.swift in Sources */,
				63E1D739292CF4E60009807F /* AppDelegate.swift in Sources */,
				63E1D73B292CF4E60009807F /* SceneDelegate.swift in Sources */,
			);
			runOnlyForDeploymentPostprocessing = 0;
		};
		63E1D747292CF4E70009807F /* Sources */ = {
			isa = PBXSourcesBuildPhase;
			buildActionMask = 2147483647;
			files = (
				63E1D750292CF4E70009807F /* ClockAppTests.swift in Sources */,
			);
			runOnlyForDeploymentPostprocessing = 0;
		};
		63E1D751292CF4E70009807F /* Sources */ = {
			isa = PBXSourcesBuildPhase;
			buildActionMask = 2147483647;
			files = (
				63E1D75C292CF4E70009807F /* ClockAppUITestsLaunchTests.swift in Sources */,
				63E1D75A292CF4E70009807F /* ClockAppUITests.swift in Sources */,
			);
			runOnlyForDeploymentPostprocessing = 0;
		};
/* End PBXSourcesBuildPhase section */

/* Begin PBXTargetDependency section */
		63E1D74D292CF4E70009807F /* PBXTargetDependency */ = {
			isa = PBXTargetDependency;
			target = 63E1D734292CF4E60009807F /* ClockApp */;
			targetProxy = 63E1D74C292CF4E70009807F /* PBXContainerItemProxy */;
		};
		63E1D757292CF4E70009807F /* PBXTargetDependency */ = {
			isa = PBXTargetDependency;
			target = 63E1D734292CF4E60009807F /* ClockApp */;
			targetProxy = 63E1D756292CF4E70009807F /* PBXContainerItemProxy */;
		};
/* End PBXTargetDependency section */

/* Begin PBXVariantGroup section */
		63E1D73E292CF4E60009807F /* Main.storyboard */ = {
			isa = PBXVariantGroup;
			children = (
				63E1D73F292CF4E60009807F /* Base */,
			);
			name = Main.storyboard;
			sourceTree = "<group>";
		};
		63E1D743292CF4E70009807F /* LaunchScreen.storyboard */ = {
			isa = PBXVariantGroup;
			children = (
				63E1D744292CF4E70009807F /* Base */,
			);
			name = LaunchScreen.storyboard;
			sourceTree = "<group>";
		};
/* End PBXVariantGroup section */

/* Begin XCBuildConfiguration section */
		63E1D75D292CF4E70009807F /* Debug */ = {
			isa = XCBuildConfiguration;
			buildSettings = {
				ALWAYS_SEARCH_USER_PATHS = NO;
				CLANG_ANALYZER_NONNULL = YES;
				CLANG_ANALYZER_NUMBER_OBJECT_CONVERSION = YES_AGGRESSIVE;
				CLANG_CXX_LANGUAGE_STANDARD = "gnu++20";
				CLANG_ENABLE_MODULES = YES;
				CLANG_ENABLE_OBJC_ARC = YES;
				CLANG_ENABLE_OBJC_WEAK = YES;
				CLANG_WARN_BLOCK_CAPTURE_AUTORELEASING = YES;
				CLANG_WARN_BOOL_CONVERSION = YES;
				CLANG_WARN_COMMA = YES;
				CLANG_WARN_CONSTANT_CONVERSION = YES;
				CLANG_WARN_DEPRECATED_OBJC_IMPLEMENTATIONS = YES;
				CLANG_WARN_DIRECT_OBJC_ISA_USAGE = YES_ERROR;
				CLANG_WARN_DOCUMENTATION_COMMENTS = YES;
				CLANG_WARN_EMPTY_BODY = YES;
				CLANG_WARN_ENUM_CONVERSION = YES;
				CLANG_WARN_INFINITE_RECURSION = YES;
				CLANG_WARN_INT_CONVERSION = YES;
				CLANG_WARN_NON_LITERAL_NULL_CONVERSION = YES;
				CLANG_WARN_OBJC_IMPLICIT_RETAIN_SELF = YES;
				CLANG_WARN_OBJC_LITERAL_CONVERSION = YES;
				CLANG_WARN_OBJC_ROOT_CLASS = YES_ERROR;
				CLANG_WARN_QUOTED_INCLUDE_IN_FRAMEWORK_HEADER = YES;
				CLANG_WARN_RANGE_LOOP_ANALYSIS = YES;
				CLANG_WARN_STRICT_PROTOTYPES = YES;
				CLANG_WARN_SUSPICIOUS_MOVE = YES;
				CLANG_WARN_UNGUARDED_AVAILABILITY = YES_AGGRESSIVE;
				CLANG_WARN_UNREACHABLE_CODE = YES;
				CLANG_WARN__DUPLICATE_METHOD_MATCH = YES;
				COPY_PHASE_STRIP = NO;
				DEBUG_INFORMATION_FORMAT = dwarf;
				ENABLE_STRICT_OBJC_MSGSEND = YES;
				ENABLE_TESTABILITY = YES;
				GCC_C_LANGUAGE_STANDARD = gnu11;
				GCC_DYNAMIC_NO_PIC = NO;
				GCC_NO_COMMON_BLOCKS = YES;
				GCC_OPTIMIZATION_LEVEL = 0;
				GCC_PREPROCESSOR_DEFINITIONS = (
					"DEBUG=1",
					"$(inherited)",
				);
				GCC_WARN_64_TO_32_BIT_CONVERSION = YES;
				GCC_WARN_ABOUT_RETURN_TYPE = YES_ERROR;
				GCC_WARN_UNDECLARED_SELECTOR = YES;
				GCC_WARN_UNINITIALIZED_AUTOS = YES_AGGRESSIVE;
				GCC_WARN_UNUSED_FUNCTION = YES;
				GCC_WARN_UNUSED_VARIABLE = YES;
				IPHONEOS_DEPLOYMENT_TARGET = 16.1;
				MTL_ENABLE_DEBUG_INFO = INCLUDE_SOURCE;
				MTL_FAST_MATH = YES;
				ONLY_ACTIVE_ARCH = YES;
				SDKROOT = iphoneos;
				SWIFT_ACTIVE_COMPILATION_CONDITIONS = DEBUG;
				SWIFT_OPTIMIZATION_LEVEL = "-Onone";
			};
			name = Debug;
		};
		63E1D75E292CF4E70009807F /* Release */ = {
			isa = XCBuildConfiguration;
			buildSettings = {
				ALWAYS_SEARCH_USER_PATHS = NO;
				CLANG_ANALYZER_NONNULL = YES;
				CLANG_ANALYZER_NUMBER_OBJECT_CONVERSION = YES_AGGRESSIVE;
				CLANG_CXX_LANGUAGE_STANDARD = "gnu++20";
				CLANG_ENABLE_MODULES = YES;
				CLANG_ENABLE_OBJC_ARC = YES;
				CLANG_ENABLE_OBJC_WEAK = YES;
				CLANG_WARN_BLOCK_CAPTURE_AUTORELEASING = YES;
				CLANG_WARN_BOOL_CONVERSION = YES;
				CLANG_WARN_COMMA = YES;
				CLANG_WARN_CONSTANT_CONVERSION = YES;
				CLANG_WARN_DEPRECATED_OBJC_IMPLEMENTATIONS = YES;
				CLANG_WARN_DIRECT_OBJC_ISA_USAGE = YES_ERROR;
				CLANG_WARN_DOCUMENTATION_COMMENTS = YES;
				CLANG_WARN_EMPTY_BODY = YES;
				CLANG_WARN_ENUM_CONVERSION = YES;
				CLANG_WARN_INFINITE_RECURSION = YES;
				CLANG_WARN_INT_CONVERSION = YES;
				CLANG_WARN_NON_LITERAL_NULL_CONVERSION = YES;
				CLANG_WARN_OBJC_IMPLICIT_RETAIN_SELF = YES;
				CLANG_WARN_OBJC_LITERAL_CONVERSION = YES;
				CLANG_WARN_OBJC_ROOT_CLASS = YES_ERROR;
				CLANG_WARN_QUOTED_INCLUDE_IN_FRAMEWORK_HEADER = YES;
				CLANG_WARN_RANGE_LOOP_ANALYSIS = YES;
				CLANG_WARN_STRICT_PROTOTYPES = YES;
				CLANG_WARN_SUSPICIOUS_MOVE = YES;
				CLANG_WARN_UNGUARDED_AVAILABILITY = YES_AGGRESSIVE;
				CLANG_WARN_UNREACHABLE_CODE = YES;
				CLANG_WARN__DUPLICATE_METHOD_MATCH = YES;
				COPY_PHASE_STRIP = NO;
				DEBUG_INFORMATION_FORMAT = "dwarf-with-dsym";
				ENABLE_NS_ASSERTIONS = NO;
				ENABLE_STRICT_OBJC_MSGSEND = YES;
				GCC_C_LANGUAGE_STANDARD = gnu11;
				GCC_NO_COMMON_BLOCKS = YES;
				GCC_WARN_64_TO_32_BIT_CONVERSION = YES;
				GCC_WARN_ABOUT_RETURN_TYPE = YES_ERROR;
				GCC_WARN_UNDECLARED_SELECTOR = YES;
				GCC_WARN_UNINITIALIZED_AUTOS = YES_AGGRESSIVE;
				GCC_WARN_UNUSED_FUNCTION = YES;
				GCC_WARN_UNUSED_VARIABLE = YES;
				IPHONEOS_DEPLOYMENT_TARGET = 16.1;
				MTL_ENABLE_DEBUG_INFO = NO;
				MTL_FAST_MATH = YES;
				SDKROOT = iphoneos;
				SWIFT_COMPILATION_MODE = wholemodule;
				SWIFT_OPTIMIZATION_LEVEL = "-O";
				VALIDATE_PRODUCT = YES;
			};
			name = Release;
		};
		63E1D760292CF4E70009807F /* Debug */ = {
			isa = XCBuildConfiguration;
			buildSettings = {
				ASSETCATALOG_COMPILER_APPICON_NAME = AppIcon;
				ASSETCATALOG_COMPILER_GLOBAL_ACCENT_COLOR_NAME = AccentColor;
				CODE_SIGN_STYLE = Automatic;
				CURRENT_PROJECT_VERSION = 1;
				DEVELOPMENT_TEAM = GYVUGUT77Q;
				GENERATE_INFOPLIST_FILE = YES;
				INFOPLIST_FILE = ClockApp/Info.plist;
				INFOPLIST_KEY_UIApplicationSupportsIndirectInputEvents = YES;
				INFOPLIST_KEY_UILaunchStoryboardName = LaunchScreen;
				INFOPLIST_KEY_UIMainStoryboardFile = Main;
				INFOPLIST_KEY_UISupportedInterfaceOrientations_iPad = "UIInterfaceOrientationPortrait UIInterfaceOrientationPortraitUpsideDown UIInterfaceOrientationLandscapeLeft UIInterfaceOrientationLandscapeRight";
				INFOPLIST_KEY_UISupportedInterfaceOrientations_iPhone = "UIInterfaceOrientationPortrait UIInterfaceOrientationLandscapeLeft UIInterfaceOrientationLandscapeRight";
				LD_RUNPATH_SEARCH_PATHS = (
					"$(inherited)",
					"@executable_path/Frameworks",
				);
				MARKETING_VERSION = 1.0;
				PRODUCT_BUNDLE_IDENTIFIER = com.example.ClockApp;
				PRODUCT_NAME = "$(TARGET_NAME)";
				SWIFT_EMIT_LOC_STRINGS = YES;
				SWIFT_VERSION = 5.0;
				TARGETED_DEVICE_FAMILY = "1,2";
			};
			name = Debug;
		};
		63E1D761292CF4E70009807F /* Release */ = {
			isa = XCBuildConfiguration;
			buildSettings = {
				ASSETCATALOG_COMPILER_APPICON_NAME = AppIcon;
				ASSETCATALOG_COMPILER_GLOBAL_ACCENT_COLOR_NAME = AccentColor;
				CODE_SIGN_STYLE = Automatic;
				CURRENT_PROJECT_VERSION = 1;
				DEVELOPMENT_TEAM = GYVUGUT77Q;
				GENERATE_INFOPLIST_FILE = YES;
				INFOPLIST_FILE = ClockApp/Info.plist;
				INFOPLIST_KEY_UIApplicationSupportsIndirectInputEvents = YES;
				INFOPLIST_KEY_UILaunchStoryboardName = LaunchScreen;
				INFOPLIST_KEY_UIMainStoryboardFile = Main;
				INFOPLIST_KEY_UISupportedInterfaceOrientations_iPad = "UIInterfaceOrientationPortrait UIInterfaceOrientationPortraitUpsideDown UIInterfaceOrientationLandscapeLeft UIInterfaceOrientationLandscapeRight";
				INFOPLIST_KEY_UISupportedInterfaceOrientations_iPhone = "UIInterfaceOrientationPortrait UIInterfaceOrientationLandscapeLeft UIInterfaceOrientationLandscapeRight";
				LD_RUNPATH_SEARCH_PATHS = (
					"$(inherited)",
					"@executable_path/Frameworks",
				);
				MARKETING_VERSION = 1.0;
				PRODUCT_BUNDLE_IDENTIFIER = com.example.ClockApp;
				PRODUCT_NAME = "$(TARGET_NAME)";
				SWIFT_EMIT_LOC_STRINGS = YES;
				SWIFT_VERSION = 5.0;
				TARGETED_DEVICE_FAMILY = "1,2";
			};
			name = Release;
		};
		63E1D763292CF4E70009807F /* Debug */ = {
			isa = XCBuildConfiguration;
			buildSettings = {
				ALWAYS_EMBED_SWIFT_STANDARD_LIBRARIES = YES;
				BUNDLE_LOADER = "$(TEST_HOST)";
				CODE_SIGN_STYLE = Automatic;
				CURRENT_PROJECT_VERSION = 1;
				DEVELOPMENT_TEAM = GYVUGUT77Q;
				GENERATE_INFOPLIST_FILE = YES;
				IPHONEOS_DEPLOYMENT_TARGET = 16.1;
				MARKETING_VERSION = 1.0;
				PRODUCT_BUNDLE_IDENTIFIER = com.example.ClockAppTests;
				PRODUCT_NAME = "$(TARGET_NAME)";
				SWIFT_EMIT_LOC_STRINGS = NO;
				SWIFT_VERSION = 5.0;
				TARGETED_DEVICE_FAMILY = "1,2";
				TEST_HOST = "$(BUILT_PRODUCTS_DIR)/ClockApp.app/$(BUNDLE_EXECUTABLE_FOLDER_PATH)/ClockApp";
			};
			name = Debug;
		};
		63E1D764292CF4E70009807F /* Release */ = {
			isa = XCBuildConfiguration;
			buildSettings = {
				ALWAYS_EMBED_SWIFT_STANDARD_LIBRARIES = YES;
				BUNDLE_LOADER = "$(TEST_HOST)";
				CODE_SIGN_STYLE = Automatic;
				CURRENT_PROJECT_VERSION = 1;
				DEVELOPMENT_TEAM = GYVUGUT77Q;
				GENERATE_INFOPLIST_FILE = YES;
				IPHONEOS_DEPLOYMENT_TARGET = 16.1;
				MARKETING_VERSION = 1.0;
				PRODUCT_BUNDLE_IDENTIFIER = com.example.ClockAppTests;
				PRODUCT_NAME = "$(TARGET_NAME)";
				SWIFT_EMIT_LOC_STRINGS = NO;
				SWIFT_VERSION = 5.0;
				TARGETED_DEVICE_FAMILY = "1,2";
				TEST_HOST = "$(BUILT_PRODUCTS_DIR)/ClockApp.app/$(BUNDLE_EXECUTABLE_FOLDER_PATH)/ClockApp";
			};
			name = Release;
		};
		63E1D766292CF4E70009807F /* Debug */ = {
			isa = XCBuildConfiguration;
			buildSettings = {
				ALWAYS_EMBED_SWIFT_STANDARD_LIBRARIES = YES;
				CODE_SIGN_STYLE = Automatic;
				CURRENT_PROJECT_VERSION = 1;
				DEVELOPMENT_TEAM = GYVUGUT77Q;
				GENERATE_INFOPLIST_FILE = YES;
				MARKETING_VERSION = 1.0;
				PRODUCT_BUNDLE_IDENTIFIER = com.example.ClockAppUITests;
				PRODUCT_NAME = "$(TARGET_NAME)";
				SWIFT_EMIT_LOC_STRINGS = NO;
				SWIFT_VERSION = 5.0;
				TARGETED_DEVICE_FAMILY = "1,2";
				TEST_TARGET_NAME = ClockApp;
			};
			name = Debug;
		};
		63E1D767292CF4E70009807F /* Release */ = {
			isa = XCBuildConfiguration;
			buildSettings = {
				ALWAYS_EMBED_SWIFT_STANDARD_LIBRARIES = YES;
				CODE_SIGN_STYLE = Automatic;
				CURRENT_PROJECT_VERSION = 1;
				DEVELOPMENT_TEAM = GYVUGUT77Q;
				GENERATE_INFOPLIST_FILE = YES;
				MARKETING_VERSION = 1.0;
				PRODUCT_BUNDLE_IDENTIFIER = com.example.ClockAppUITests;
				PRODUCT_NAME = "$(TARGET_NAME)";
				SWIFT_EMIT_LOC_STRINGS = NO;
				SWIFT_VERSION = 5.0;
				TARGETED_DEVICE_FAMILY = "1,2";
				TEST_TARGET_NAME = ClockApp;
			};
			name = Release;
		};
/* End XCBuildConfiguration section */

/* Begin XCConfigurationList section */
		63E1D730292CF4E60009807F /* Build configuration list for PBXProject "ClockApp" */ = {
			isa = XCConfigurationList;
			buildConfigurations = (
				63E1D75D292CF4E70009807F /* Debug */,
				63E1D75E292CF4E70009807F /* Release */,
			);
			defaultConfigurationIsVisible = 0;
			defaultConfigurationName = Release;
		};
		63E1D75F292CF4E70009807F /* Build configuration list for PBXNativeTarget "ClockApp" */ = {
			isa = XCConfigurationList;
			buildConfigurations = (
				63E1D760292CF4E70009807F /* Debug */,
				63E1D761292CF4E70009807F /* Release */,
			);
			defaultConfigurationIsVisible = 0;
			defaultConfigurationName = Release;
		};
		63E1D762292CF4E70009807F /* Build configuration list for PBXNativeTarget "ClockAppTests" */ = {
			isa = XCConfigurationList;
			buildConfigurations = (
				63E1D763292CF4E70009807F /* Debug */,
				63E1D764292CF4E70009807F /* Release */,
			);
			defaultConfigurationIsVisible = 0;
			defaultConfigurationName = Release;
		};
		63E1D765292CF4E70009807F /* Build configuration list for PBXNativeTarget "ClockAppUITests" */ = {
			isa = XCConfigurationList;
			buildConfigurations = (
				63E1D766292CF4E70009807F /* Debug */,
				63E1D767292CF4E70009807F /* Release */,
			);
			defaultConfigurationIsVisible = 0;
			defaultConfigurationName = Release;
		};
/* End XCConfigurationList section */
	};
	rootObject = 63E1D72D292CF4E60009807F /* Project object */;
}
